// !$*UTF8*$!
{
	archiveVersion = 1;
	classes = {
	};
	objectVersion = 56;
	objects = {

/* Begin PBXBuildFile section */
		8153207F2C5CC4D7005BA1EE /* AppDelegate.swift in Sources */ = {isa = PBXBuildFile; fileRef = 8153207E2C5CC4D7005BA1EE /* AppDelegate.swift */; };
		815320812C5CC4D7005BA1EE /* SceneDelegate.swift in Sources */ = {isa = PBXBuildFile; fileRef = 815320802C5CC4D7005BA1EE /* SceneDelegate.swift */; };
		815320832C5CC4D7005BA1EE /* ViewController.swift in Sources */ = {isa = PBXBuildFile; fileRef = 815320822C5CC4D7005BA1EE /* ViewController.swift */; };
		815320862C5CC4D7005BA1EE /* Base in Resources */ = {isa = PBXBuildFile; fileRef = 815320852C5CC4D7005BA1EE /* Base */; };
		815320882C5CC4D8005BA1EE /* Assets.xcassets in Resources */ = {isa = PBXBuildFile; fileRef = 815320872C5CC4D8005BA1EE /* Assets.xcassets */; };
		8153208B2C5CC4D8005BA1EE /* Base in Resources */ = {isa = PBXBuildFile; fileRef = 8153208A2C5CC4D8005BA1EE /* Base */; };
		815320992C5CC5F8005BA1EE /* MainTabController.swift in Sources */ = {isa = PBXBuildFile; fileRef = 815320982C5CC5F8005BA1EE /* MainTabController.swift */; };
		8153209B2C5CC822005BA1EE /* FeedController.swift in Sources */ = {isa = PBXBuildFile; fileRef = 8153209A2C5CC822005BA1EE /* FeedController.swift */; };
		8153209D2C5CC82F005BA1EE /* SearchController.swift in Sources */ = {isa = PBXBuildFile; fileRef = 8153209C2C5CC82F005BA1EE /* SearchController.swift */; };
		8153209F2C5CC83D005BA1EE /* ImageSelectorController.swift in Sources */ = {isa = PBXBuildFile; fileRef = 8153209E2C5CC83D005BA1EE /* ImageSelectorController.swift */; };
		815320A12C5CC847005BA1EE /* NotificationController.swift in Sources */ = {isa = PBXBuildFile; fileRef = 815320A02C5CC847005BA1EE /* NotificationController.swift */; };
		815320A32C5CC84E005BA1EE /* ProfileController.swift in Sources */ = {isa = PBXBuildFile; fileRef = 815320A22C5CC84E005BA1EE /* ProfileController.swift */; };
		815320A52C5CFA54005BA1EE /* FeedCell.swift in Sources */ = {isa = PBXBuildFile; fileRef = 815320A42C5CFA54005BA1EE /* FeedCell.swift */; };
		815320A72C5CFB8B005BA1EE /* Extensions.swift in Sources */ = {isa = PBXBuildFile; fileRef = 815320A62C5CFB8B005BA1EE /* Extensions.swift */; };
		815320AD2C5D420D005BA1EE /* LoginController.swift in Sources */ = {isa = PBXBuildFile; fileRef = 815320AC2C5D420D005BA1EE /* LoginController.swift */; };
		815320AF2C5D4217005BA1EE /* RegistrationController.swift in Sources */ = {isa = PBXBuildFile; fileRef = 815320AE2C5D4217005BA1EE /* RegistrationController.swift */; };
		815320B12C5E18DD005BA1EE /* CustomTextField.swift in Sources */ = {isa = PBXBuildFile; fileRef = 815320B02C5E18DD005BA1EE /* CustomTextField.swift */; };
		815320B32C5E4CF4005BA1EE /* AuthenticationViewModel.swift in Sources */ = {isa = PBXBuildFile; fileRef = 815320B22C5E4CF4005BA1EE /* AuthenticationViewModel.swift */; };
		81DB1FB42C60A060001E51C9 /* JGProgressHUD in Frameworks */ = {isa = PBXBuildFile; productRef = 81DB1FB32C60A060001E51C9 /* JGProgressHUD */; };
		81DB1FB72C60A287001E51C9 /* FirebaseAuth in Frameworks */ = {isa = PBXBuildFile; productRef = 81DB1FB62C60A287001E51C9 /* FirebaseAuth */; };
		81DB1FB92C60A287001E51C9 /* FirebaseAuthCombine-Community in Frameworks */ = {isa = PBXBuildFile; productRef = 81DB1FB82C60A287001E51C9 /* FirebaseAuthCombine-Community */; };
		81DB1FBB2C60A287001E51C9 /* FirebaseDatabase in Frameworks */ = {isa = PBXBuildFile; productRef = 81DB1FBA2C60A287001E51C9 /* FirebaseDatabase */; };
		81DB1FBD2C60A287001E51C9 /* FirebaseFirestore in Frameworks */ = {isa = PBXBuildFile; productRef = 81DB1FBC2C60A287001E51C9 /* FirebaseFirestore */; };
		81DB1FBF2C60A287001E51C9 /* FirebaseFirestoreCombine-Community in Frameworks */ = {isa = PBXBuildFile; productRef = 81DB1FBE2C60A287001E51C9 /* FirebaseFirestoreCombine-Community */; };
		81DB1FC12C60A287001E51C9 /* FirebaseInAppMessaging-Beta in Frameworks */ = {isa = PBXBuildFile; productRef = 81DB1FC02C60A287001E51C9 /* FirebaseInAppMessaging-Beta */; };
		81DB1FC32C60A287001E51C9 /* FirebaseMessaging in Frameworks */ = {isa = PBXBuildFile; productRef = 81DB1FC22C60A287001E51C9 /* FirebaseMessaging */; };
		81DB1FC52C60A287001E51C9 /* FirebaseStorage in Frameworks */ = {isa = PBXBuildFile; productRef = 81DB1FC42C60A287001E51C9 /* FirebaseStorage */; };
		81DB1FC72C60A287001E51C9 /* FirebaseStorageCombine-Community in Frameworks */ = {isa = PBXBuildFile; productRef = 81DB1FC62C60A287001E51C9 /* FirebaseStorageCombine-Community */; };
		81DB1FCA2C60A593001E51C9 /* ActiveLabel in Frameworks */ = {isa = PBXBuildFile; productRef = 81DB1FC92C60A593001E51C9 /* ActiveLabel */; };
		81DB1FCD2C60A775001E51C9 /* SDWebImage in Frameworks */ = {isa = PBXBuildFile; productRef = 81DB1FCC2C60A775001E51C9 /* SDWebImage */; };
		81DB1FCF2C60A775001E51C9 /* SDWebImageMapKit in Frameworks */ = {isa = PBXBuildFile; productRef = 81DB1FCE2C60A775001E51C9 /* SDWebImageMapKit */; };
		81DB1FD22C60A908001E51C9 /* YPImagePicker in Frameworks */ = {isa = PBXBuildFile; productRef = 81DB1FD12C60A908001E51C9 /* YPImagePicker */; };
		81DB1FD42C61FA48001E51C9 /* GoogleService-Info (1).plist in Resources */ = {isa = PBXBuildFile; fileRef = 81DB1FD32C61FA48001E51C9 /* GoogleService-Info (1).plist */; };
		81DB1FD62C62042A001E51C9 /* ImageUploader.swift in Sources */ = {isa = PBXBuildFile; fileRef = 81DB1FD52C62042A001E51C9 /* ImageUploader.swift */; };
		81DB1FD82C620437001E51C9 /* AuthService.swift in Sources */ = {isa = PBXBuildFile; fileRef = 81DB1FD72C620437001E51C9 /* AuthService.swift */; };
/* End PBXBuildFile section */

/* Begin PBXFileReference section */
		8153207E2C5CC4D7005BA1EE /* AppDelegate.swift */ = {isa = PBXFileReference; lastKnownFileType = sourcecode.swift; path = AppDelegate.swift; sourceTree = "<group>"; };
		815320802C5CC4D7005BA1EE /* SceneDelegate.swift */ = {isa = PBXFileReference; lastKnownFileType = sourcecode.swift; path = SceneDelegate.swift; sourceTree = "<group>"; };
		815320822C5CC4D7005BA1EE /* ViewController.swift */ = {isa = PBXFileReference; lastKnownFileType = sourcecode.swift; path = ViewController.swift; sourceTree = "<group>"; };
		815320852C5CC4D7005BA1EE /* Base */ = {isa = PBXFileReference; lastKnownFileType = file.storyboard; name = Base; path = Base.lproj/Main.storyboard; sourceTree = "<group>"; };
		815320872C5CC4D8005BA1EE /* Assets.xcassets */ = {isa = PBXFileReference; lastKnownFileType = folder.assetcatalog; path = Assets.xcassets; sourceTree = "<group>"; };
		8153208A2C5CC4D8005BA1EE /* Base */ = {isa = PBXFileReference; lastKnownFileType = file.storyboard; name = Base; path = Base.lproj/LaunchScreen.storyboard; sourceTree = "<group>"; };
		8153208C2C5CC4D8005BA1EE /* Info.plist */ = {isa = PBXFileReference; lastKnownFileType = text.plist.xml; path = Info.plist; sourceTree = "<group>"; };
		815320982C5CC5F8005BA1EE /* MainTabController.swift */ = {isa = PBXFileReference; lastKnownFileType = sourcecode.swift; path = MainTabController.swift; sourceTree = "<group>"; };
		8153209A2C5CC822005BA1EE /* FeedController.swift */ = {isa = PBXFileReference; lastKnownFileType = sourcecode.swift; path = FeedController.swift; sourceTree = "<group>"; };
		8153209C2C5CC82F005BA1EE /* SearchController.swift */ = {isa = PBXFileReference; lastKnownFileType = sourcecode.swift; path = SearchController.swift; sourceTree = "<group>"; };
		8153209E2C5CC83D005BA1EE /* ImageSelectorController.swift */ = {isa = PBXFileReference; lastKnownFileType = sourcecode.swift; path = ImageSelectorController.swift; sourceTree = "<group>"; };
		815320A02C5CC847005BA1EE /* NotificationController.swift */ = {isa = PBXFileReference; lastKnownFileType = sourcecode.swift; path = NotificationController.swift; sourceTree = "<group>"; };
		815320A22C5CC84E005BA1EE /* ProfileController.swift */ = {isa = PBXFileReference; lastKnownFileType = sourcecode.swift; path = ProfileController.swift; sourceTree = "<group>"; };
		815320A42C5CFA54005BA1EE /* FeedCell.swift */ = {isa = PBXFileReference; lastKnownFileType = sourcecode.swift; path = FeedCell.swift; sourceTree = "<group>"; };
		815320A62C5CFB8B005BA1EE /* Extensions.swift */ = {isa = PBXFileReference; lastKnownFileType = sourcecode.swift; path = Extensions.swift; sourceTree = "<group>"; };
		815320AC2C5D420D005BA1EE /* LoginController.swift */ = {isa = PBXFileReference; lastKnownFileType = sourcecode.swift; path = LoginController.swift; sourceTree = "<group>"; };
		815320AE2C5D4217005BA1EE /* RegistrationController.swift */ = {isa = PBXFileReference; lastKnownFileType = sourcecode.swift; path = RegistrationController.swift; sourceTree = "<group>"; };
		815320B02C5E18DD005BA1EE /* CustomTextField.swift */ = {isa = PBXFileReference; lastKnownFileType = sourcecode.swift; path = CustomTextField.swift; sourceTree = "<group>"; };
		815320B22C5E4CF4005BA1EE /* AuthenticationViewModel.swift */ = {isa = PBXFileReference; lastKnownFileType = sourcecode.swift; path = AuthenticationViewModel.swift; sourceTree = "<group>"; };
		81DB1FB22C609BA7001E51C9 /* InstagramFirestoreTutorial.app */ = {isa = PBXFileReference; explicitFileType = wrapper.application; includeInIndex = 0; path = InstagramFirestoreTutorial.app; sourceTree = BUILT_PRODUCTS_DIR; };
		81DB1FD32C61FA48001E51C9 /* GoogleService-Info (1).plist */ = {isa = PBXFileReference; fileEncoding = 4; lastKnownFileType = text.plist.xml; path = "GoogleService-Info (1).plist"; sourceTree = SOURCE_ROOT; };
		81DB1FD52C62042A001E51C9 /* ImageUploader.swift */ = {isa = PBXFileReference; lastKnownFileType = sourcecode.swift; path = ImageUploader.swift; sourceTree = "<group>"; };
		81DB1FD72C620437001E51C9 /* AuthService.swift */ = {isa = PBXFileReference; lastKnownFileType = sourcecode.swift; path = AuthService.swift; sourceTree = "<group>"; };
/* End PBXFileReference section */

/* Begin PBXFrameworksBuildPhase section */
		815320782C5CC4D7005BA1EE /* Frameworks */ = {
			isa = PBXFrameworksBuildPhase;
			buildActionMask = 2147483647;
			files = (
				81DB1FC32C60A287001E51C9 /* FirebaseMessaging in Frameworks */,
				81DB1FB42C60A060001E51C9 /* JGProgressHUD in Frameworks */,
				81DB1FCF2C60A775001E51C9 /* SDWebImageMapKit in Frameworks */,
				81DB1FCA2C60A593001E51C9 /* ActiveLabel in Frameworks */,
				81DB1FC72C60A287001E51C9 /* FirebaseStorageCombine-Community in Frameworks */,
				81DB1FC52C60A287001E51C9 /* FirebaseStorage in Frameworks */,
				81DB1FC12C60A287001E51C9 /* FirebaseInAppMessaging-Beta in Frameworks */,
				81DB1FCD2C60A775001E51C9 /* SDWebImage in Frameworks */,
				81DB1FB92C60A287001E51C9 /* FirebaseAuthCombine-Community in Frameworks */,
				81DB1FBB2C60A287001E51C9 /* FirebaseDatabase in Frameworks */,
				81DB1FBF2C60A287001E51C9 /* FirebaseFirestoreCombine-Community in Frameworks */,
				81DB1FD22C60A908001E51C9 /* YPImagePicker in Frameworks */,
				81DB1FBD2C60A287001E51C9 /* FirebaseFirestore in Frameworks */,
				81DB1FB72C60A287001E51C9 /* FirebaseAuth in Frameworks */,
			);
			runOnlyForDeploymentPostprocessing = 0;
		};
/* End PBXFrameworksBuildPhase section */

/* Begin PBXGroup section */
		815320722C5CC4D7005BA1EE = {
			isa = PBXGroup;
			children = (
				8153207D2C5CC4D7005BA1EE /* InstagramFirestoreTutorial */,
				81DB1FB22C609BA7001E51C9 /* InstagramFirestoreTutorial.app */,
			);
			sourceTree = "<group>";
		};
		8153207D2C5CC4D7005BA1EE /* InstagramFirestoreTutorial */ = {
			isa = PBXGroup;
			children = (
				815320972C5CC55D005BA1EE /* Model */,
				815320962C5CC55C005BA1EE /* View */,
				815320952C5CC55B005BA1EE /* ViewModel */,
				815320942C5CC55A005BA1EE /* Controller */,
				815320932C5CC559005BA1EE /* API */,
				815320922C5CC548005BA1EE /* Utils */,
				8153207E2C5CC4D7005BA1EE /* AppDelegate.swift */,
				815320802C5CC4D7005BA1EE /* SceneDelegate.swift */,
				815320822C5CC4D7005BA1EE /* ViewController.swift */,
				815320842C5CC4D7005BA1EE /* Main.storyboard */,
				815320872C5CC4D8005BA1EE /* Assets.xcassets */,
				815320892C5CC4D8005BA1EE /* LaunchScreen.storyboard */,
				8153208C2C5CC4D8005BA1EE /* Info.plist */,
				81DB1FD32C61FA48001E51C9 /* GoogleService-Info (1).plist */,
			);
			path = InstagramFirestoreTutorial;
			sourceTree = "<group>";
		};
		815320922C5CC548005BA1EE /* Utils */ = {
			isa = PBXGroup;
			children = (
				815320A62C5CFB8B005BA1EE /* Extensions.swift */,
			);
			path = Utils;
			sourceTree = "<group>";
		};
		815320932C5CC559005BA1EE /* API */ = {
			isa = PBXGroup;
			children = (
				81DB1FD52C62042A001E51C9 /* ImageUploader.swift */,
				81DB1FD72C620437001E51C9 /* AuthService.swift */,
			);
			path = API;
			sourceTree = "<group>";
		};
		815320942C5CC55A005BA1EE /* Controller */ = {
			isa = PBXGroup;
			children = (
				815320AB2C5D41FF005BA1EE /* Authentication */,
				815320982C5CC5F8005BA1EE /* MainTabController.swift */,
				8153209A2C5CC822005BA1EE /* FeedController.swift */,
				8153209C2C5CC82F005BA1EE /* SearchController.swift */,
				8153209E2C5CC83D005BA1EE /* ImageSelectorController.swift */,
				815320A02C5CC847005BA1EE /* NotificationController.swift */,
				815320A22C5CC84E005BA1EE /* ProfileController.swift */,
			);
			path = Controller;
			sourceTree = "<group>";
		};
		815320952C5CC55B005BA1EE /* ViewModel */ = {
			isa = PBXGroup;
			children = (
				815320B22C5E4CF4005BA1EE /* AuthenticationViewModel.swift */,
			);
			path = ViewModel;
			sourceTree = "<group>";
		};
		815320962C5CC55C005BA1EE /* View */ = {
			isa = PBXGroup;
			children = (
				815320A42C5CFA54005BA1EE /* FeedCell.swift */,
				815320B02C5E18DD005BA1EE /* CustomTextField.swift */,
			);
			path = View;
			sourceTree = "<group>";
		};
		815320972C5CC55D005BA1EE /* Model */ = {
			isa = PBXGroup;
			children = (
			);
			path = Model;
			sourceTree = "<group>";
		};
		815320AB2C5D41FF005BA1EE /* Authentication */ = {
			isa = PBXGroup;
			children = (
				815320AC2C5D420D005BA1EE /* LoginController.swift */,
				815320AE2C5D4217005BA1EE /* RegistrationController.swift */,
			);
			path = Authentication;
			sourceTree = "<group>";
		};
/* End PBXGroup section */

/* Begin PBXNativeTarget section */
		8153207A2C5CC4D7005BA1EE /* InstagramFirestoreTutorial */ = {
			isa = PBXNativeTarget;
			buildConfigurationList = 8153208F2C5CC4D8005BA1EE /* Build configuration list for PBXNativeTarget "InstagramFirestoreTutorial" */;
			buildPhases = (
				815320772C5CC4D7005BA1EE /* Sources */,
				815320782C5CC4D7005BA1EE /* Frameworks */,
				815320792C5CC4D7005BA1EE /* Resources */,
			);
			buildRules = (
			);
			dependencies = (
			);
			name = InstagramFirestoreTutorial;
			packageProductDependencies = (
				81DB1FB32C60A060001E51C9 /* JGProgressHUD */,
				81DB1FB62C60A287001E51C9 /* FirebaseAuth */,
				81DB1FB82C60A287001E51C9 /* FirebaseAuthCombine-Community */,
				81DB1FBA2C60A287001E51C9 /* FirebaseDatabase */,
				81DB1FBC2C60A287001E51C9 /* FirebaseFirestore */,
				81DB1FBE2C60A287001E51C9 /* FirebaseFirestoreCombine-Community */,
				81DB1FC02C60A287001E51C9 /* FirebaseInAppMessaging-Beta */,
				81DB1FC22C60A287001E51C9 /* FirebaseMessaging */,
				81DB1FC42C60A287001E51C9 /* FirebaseStorage */,
				81DB1FC62C60A287001E51C9 /* FirebaseStorageCombine-Community */,
				81DB1FC92C60A593001E51C9 /* ActiveLabel */,
				81DB1FCC2C60A775001E51C9 /* SDWebImage */,
				81DB1FCE2C60A775001E51C9 /* SDWebImageMapKit */,
				81DB1FD12C60A908001E51C9 /* YPImagePicker */,
			);
			productName = InstagramFirestoreTutorial;
			productReference = 81DB1FB22C609BA7001E51C9 /* InstagramFirestoreTutorial.app */;
			productType = "com.apple.product-type.application";
		};
/* End PBXNativeTarget section */

/* Begin PBXProject section */
		815320732C5CC4D7005BA1EE /* Project object */ = {
			isa = PBXProject;
			attributes = {
				BuildIndependentTargetsInParallel = 1;
				LastSwiftUpdateCheck = 1540;
				LastUpgradeCheck = 1540;
				TargetAttributes = {
					8153207A2C5CC4D7005BA1EE = {
						CreatedOnToolsVersion = 15.4;
					};
				};
			};
			buildConfigurationList = 815320762C5CC4D7005BA1EE /* Build configuration list for PBXProject "InstagramFirestoreTutorial" */;
			compatibilityVersion = "Xcode 14.0";
			developmentRegion = en;
			hasScannedForEncodings = 0;
			knownRegions = (
				en,
				Base,
			);
			mainGroup = 815320722C5CC4D7005BA1EE;
			packageReferences = (
				815320A82C5CFC30005BA1EE /* XCRemoteSwiftPackageReference "JGProgressHUD" */,
				81DB1FB52C60A287001E51C9 /* XCRemoteSwiftPackageReference "firebase-ios-sdk" */,
				81DB1FC82C60A593001E51C9 /* XCRemoteSwiftPackageReference "ActiveLabel" */,
				81DB1FCB2C60A775001E51C9 /* XCRemoteSwiftPackageReference "SDWebImage" */,
				81DB1FD02C60A908001E51C9 /* XCRemoteSwiftPackageReference "YPImagePicker" */,
			);
			productRefGroup = 815320722C5CC4D7005BA1EE;
			projectDirPath = "";
			projectRoot = "";
			targets = (
				8153207A2C5CC4D7005BA1EE /* InstagramFirestoreTutorial */,
			);
		};
/* End PBXProject section */

/* Begin PBXResourcesBuildPhase section */
		815320792C5CC4D7005BA1EE /* Resources */ = {
			isa = PBXResourcesBuildPhase;
			buildActionMask = 2147483647;
			files = (
				815320882C5CC4D8005BA1EE /* Assets.xcassets in Resources */,
				8153208B2C5CC4D8005BA1EE /* Base in Resources */,
				815320862C5CC4D7005BA1EE /* Base in Resources */,
				81DB1FD42C61FA48001E51C9 /* GoogleService-Info (1).plist in Resources */,
			);
			runOnlyForDeploymentPostprocessing = 0;
		};
/* End PBXResourcesBuildPhase section */

/* Begin PBXSourcesBuildPhase section */
		815320772C5CC4D7005BA1EE /* Sources */ = {
			isa = PBXSourcesBuildPhase;
			buildActionMask = 2147483647;
			files = (
				815320B12C5E18DD005BA1EE /* CustomTextField.swift in Sources */,
				815320832C5CC4D7005BA1EE /* ViewController.swift in Sources */,
				815320AD2C5D420D005BA1EE /* LoginController.swift in Sources */,
				815320A52C5CFA54005BA1EE /* FeedCell.swift in Sources */,
				8153209F2C5CC83D005BA1EE /* ImageSelectorController.swift in Sources */,
				815320A12C5CC847005BA1EE /* NotificationController.swift in Sources */,
				815320B32C5E4CF4005BA1EE /* AuthenticationViewModel.swift in Sources */,
				8153209D2C5CC82F005BA1EE /* SearchController.swift in Sources */,
				8153207F2C5CC4D7005BA1EE /* AppDelegate.swift in Sources */,
				815320A32C5CC84E005BA1EE /* ProfileController.swift in Sources */,
				8153209B2C5CC822005BA1EE /* FeedController.swift in Sources */,
				815320992C5CC5F8005BA1EE /* MainTabController.swift in Sources */,
				815320A72C5CFB8B005BA1EE /* Extensions.swift in Sources */,
				81DB1FD62C62042A001E51C9 /* ImageUploader.swift in Sources */,
				81DB1FD82C620437001E51C9 /* AuthService.swift in Sources */,
				815320812C5CC4D7005BA1EE /* SceneDelegate.swift in Sources */,
				815320AF2C5D4217005BA1EE /* RegistrationController.swift in Sources */,
			);
			runOnlyForDeploymentPostprocessing = 0;
		};
/* End PBXSourcesBuildPhase section */

/* Begin PBXVariantGroup section */
		815320842C5CC4D7005BA1EE /* Main.storyboard */ = {
			isa = PBXVariantGroup;
			children = (
				815320852C5CC4D7005BA1EE /* Base */,
			);
			name = Main.storyboard;
			sourceTree = "<group>";
		};
		815320892C5CC4D8005BA1EE /* LaunchScreen.storyboard */ = {
			isa = PBXVariantGroup;
			children = (
				8153208A2C5CC4D8005BA1EE /* Base */,
			);
			name = LaunchScreen.storyboard;
			sourceTree = "<group>";
		};
/* End PBXVariantGroup section */

/* Begin XCBuildConfiguration section */
		8153208D2C5CC4D8005BA1EE /* Debug */ = {
			isa = XCBuildConfiguration;
			buildSettings = {
				ALWAYS_SEARCH_USER_PATHS = NO;
				ASSETCATALOG_COMPILER_GENERATE_SWIFT_ASSET_SYMBOL_EXTENSIONS = YES;
				CLANG_ANALYZER_NONNULL = YES;
				CLANG_ANALYZER_NUMBER_OBJECT_CONVERSION = YES_AGGRESSIVE;
				CLANG_CXX_LANGUAGE_STANDARD = "gnu++20";
				CLANG_ENABLE_MODULES = YES;
				CLANG_ENABLE_OBJC_ARC = YES;
				CLANG_ENABLE_OBJC_WEAK = YES;
				CLANG_WARN_BLOCK_CAPTURE_AUTORELEASING = YES;
				CLANG_WARN_BOOL_CONVERSION = YES;
				CLANG_WARN_COMMA = YES;
				CLANG_WARN_CONSTANT_CONVERSION = YES;
				CLANG_WARN_DEPRECATED_OBJC_IMPLEMENTATIONS = YES;
				CLANG_WARN_DIRECT_OBJC_ISA_USAGE = YES_ERROR;
				CLANG_WARN_DOCUMENTATION_COMMENTS = YES;
				CLANG_WARN_EMPTY_BODY = YES;
				CLANG_WARN_ENUM_CONVERSION = YES;
				CLANG_WARN_INFINITE_RECURSION = YES;
				CLANG_WARN_INT_CONVERSION = YES;
				CLANG_WARN_NON_LITERAL_NULL_CONVERSION = YES;
				CLANG_WARN_OBJC_IMPLICIT_RETAIN_SELF = YES;
				CLANG_WARN_OBJC_LITERAL_CONVERSION = YES;
				CLANG_WARN_OBJC_ROOT_CLASS = YES_ERROR;
				CLANG_WARN_QUOTED_INCLUDE_IN_FRAMEWORK_HEADER = YES;
				CLANG_WARN_RANGE_LOOP_ANALYSIS = YES;
				CLANG_WARN_STRICT_PROTOTYPES = YES;
				CLANG_WARN_SUSPICIOUS_MOVE = YES;
				CLANG_WARN_UNGUARDED_AVAILABILITY = YES_AGGRESSIVE;
				CLANG_WARN_UNREACHABLE_CODE = YES;
				CLANG_WARN__DUPLICATE_METHOD_MATCH = YES;
				COPY_PHASE_STRIP = NO;
				DEBUG_INFORMATION_FORMAT = dwarf;
				ENABLE_STRICT_OBJC_MSGSEND = YES;
				ENABLE_TESTABILITY = YES;
				ENABLE_USER_SCRIPT_SANDBOXING = YES;
				GCC_C_LANGUAGE_STANDARD = gnu17;
				GCC_DYNAMIC_NO_PIC = NO;
				GCC_NO_COMMON_BLOCKS = YES;
				GCC_OPTIMIZATION_LEVEL = 0;
				GCC_PREPROCESSOR_DEFINITIONS = (
					"DEBUG=1",
					"$(inherited)",
				);
				GCC_WARN_64_TO_32_BIT_CONVERSION = YES;
				GCC_WARN_ABOUT_RETURN_TYPE = YES_ERROR;
				GCC_WARN_UNDECLARED_SELECTOR = YES;
				GCC_WARN_UNINITIALIZED_AUTOS = YES_AGGRESSIVE;
				GCC_WARN_UNUSED_FUNCTION = YES;
				GCC_WARN_UNUSED_VARIABLE = YES;
				IPHONEOS_DEPLOYMENT_TARGET = 17.5;
				LOCALIZATION_PREFERS_STRING_CATALOGS = YES;
				MTL_ENABLE_DEBUG_INFO = INCLUDE_SOURCE;
				MTL_FAST_MATH = YES;
				ONLY_ACTIVE_ARCH = YES;
				SDKROOT = iphoneos;
				SWIFT_ACTIVE_COMPILATION_CONDITIONS = "DEBUG $(inherited)";
				SWIFT_OPTIMIZATION_LEVEL = "-Onone";
			};
			name = Debug;
		};
		8153208E2C5CC4D8005BA1EE /* Release */ = {
			isa = XCBuildConfiguration;
			buildSettings = {
				ALWAYS_SEARCH_USER_PATHS = NO;
				ASSETCATALOG_COMPILER_GENERATE_SWIFT_ASSET_SYMBOL_EXTENSIONS = YES;
				CLANG_ANALYZER_NONNULL = YES;
				CLANG_ANALYZER_NUMBER_OBJECT_CONVERSION = YES_AGGRESSIVE;
				CLANG_CXX_LANGUAGE_STANDARD = "gnu++20";
				CLANG_ENABLE_MODULES = YES;
				CLANG_ENABLE_OBJC_ARC = YES;
				CLANG_ENABLE_OBJC_WEAK = YES;
				CLANG_WARN_BLOCK_CAPTURE_AUTORELEASING = YES;
				CLANG_WARN_BOOL_CONVERSION = YES;
				CLANG_WARN_COMMA = YES;
				CLANG_WARN_CONSTANT_CONVERSION = YES;
				CLANG_WARN_DEPRECATED_OBJC_IMPLEMENTATIONS = YES;
				CLANG_WARN_DIRECT_OBJC_ISA_USAGE = YES_ERROR;
				CLANG_WARN_DOCUMENTATION_COMMENTS = YES;
				CLANG_WARN_EMPTY_BODY = YES;
				CLANG_WARN_ENUM_CONVERSION = YES;
				CLANG_WARN_INFINITE_RECURSION = YES;
				CLANG_WARN_INT_CONVERSION = YES;
				CLANG_WARN_NON_LITERAL_NULL_CONVERSION = YES;
				CLANG_WARN_OBJC_IMPLICIT_RETAIN_SELF = YES;
				CLANG_WARN_OBJC_LITERAL_CONVERSION = YES;
				CLANG_WARN_OBJC_ROOT_CLASS = YES_ERROR;
				CLANG_WARN_QUOTED_INCLUDE_IN_FRAMEWORK_HEADER = YES;
				CLANG_WARN_RANGE_LOOP_ANALYSIS = YES;
				CLANG_WARN_STRICT_PROTOTYPES = YES;
				CLANG_WARN_SUSPICIOUS_MOVE = YES;
				CLANG_WARN_UNGUARDED_AVAILABILITY = YES_AGGRESSIVE;
				CLANG_WARN_UNREACHABLE_CODE = YES;
				CLANG_WARN__DUPLICATE_METHOD_MATCH = YES;
				COPY_PHASE_STRIP = NO;
				DEBUG_INFORMATION_FORMAT = "dwarf-with-dsym";
				ENABLE_NS_ASSERTIONS = NO;
				ENABLE_STRICT_OBJC_MSGSEND = YES;
				ENABLE_USER_SCRIPT_SANDBOXING = YES;
				GCC_C_LANGUAGE_STANDARD = gnu17;
				GCC_NO_COMMON_BLOCKS = YES;
				GCC_WARN_64_TO_32_BIT_CONVERSION = YES;
				GCC_WARN_ABOUT_RETURN_TYPE = YES_ERROR;
				GCC_WARN_UNDECLARED_SELECTOR = YES;
				GCC_WARN_UNINITIALIZED_AUTOS = YES_AGGRESSIVE;
				GCC_WARN_UNUSED_FUNCTION = YES;
				GCC_WARN_UNUSED_VARIABLE = YES;
				IPHONEOS_DEPLOYMENT_TARGET = 17.5;
				LOCALIZATION_PREFERS_STRING_CATALOGS = YES;
				MTL_ENABLE_DEBUG_INFO = NO;
				MTL_FAST_MATH = YES;
				SDKROOT = iphoneos;
				SWIFT_COMPILATION_MODE = wholemodule;
				VALIDATE_PRODUCT = YES;
			};
			name = Release;
		};
		815320902C5CC4D8005BA1EE /* Debug */ = {
			isa = XCBuildConfiguration;
			buildSettings = {
				ASSETCATALOG_COMPILER_APPICON_NAME = AppIcon;
				ASSETCATALOG_COMPILER_GLOBAL_ACCENT_COLOR_NAME = AccentColor;
				CODE_SIGN_STYLE = Automatic;
				CURRENT_PROJECT_VERSION = 1;
				DEVELOPMENT_TEAM = GNBZP8PU72;
				GENERATE_INFOPLIST_FILE = YES;
				INFOPLIST_FILE = InstagramFirestoreTutorial/Info.plist;
				INFOPLIST_KEY_UIApplicationSupportsIndirectInputEvents = YES;
				INFOPLIST_KEY_UILaunchStoryboardName = LaunchScreen;
				INFOPLIST_KEY_UIMainStoryboardFile = Main;
				INFOPLIST_KEY_UISupportedInterfaceOrientations_iPad = "UIInterfaceOrientationPortrait UIInterfaceOrientationPortraitUpsideDown UIInterfaceOrientationLandscapeLeft UIInterfaceOrientationLandscapeRight";
				INFOPLIST_KEY_UISupportedInterfaceOrientations_iPhone = "UIInterfaceOrientationPortrait UIInterfaceOrientationLandscapeLeft UIInterfaceOrientationLandscapeRight";
				IPHONEOS_DEPLOYMENT_TARGET = 17.0;
				LD_RUNPATH_SEARCH_PATHS = (
					"$(inherited)",
					"@executable_path/Frameworks",
				);
				MARKETING_VERSION = 1.0;
				PRODUCT_BUNDLE_IDENTIFIER = com.dmrts.InstagramFirestoreTutorial;
				PRODUCT_NAME = "$(TARGET_NAME)";
				SWIFT_EMIT_LOC_STRINGS = YES;
				SWIFT_VERSION = 5.0;
				TARGETED_DEVICE_FAMILY = "1,2";
			};
			name = Debug;
		};
		815320912C5CC4D8005BA1EE /* Release */ = {
			isa = XCBuildConfiguration;
			buildSettings = {
				ASSETCATALOG_COMPILER_APPICON_NAME = AppIcon;
				ASSETCATALOG_COMPILER_GLOBAL_ACCENT_COLOR_NAME = AccentColor;
				CODE_SIGN_STYLE = Automatic;
				CURRENT_PROJECT_VERSION = 1;
				DEVELOPMENT_TEAM = GNBZP8PU72;
				GENERATE_INFOPLIST_FILE = YES;
				INFOPLIST_FILE = InstagramFirestoreTutorial/Info.plist;
				INFOPLIST_KEY_UIApplicationSupportsIndirectInputEvents = YES;
				INFOPLIST_KEY_UILaunchStoryboardName = LaunchScreen;
				INFOPLIST_KEY_UIMainStoryboardFile = Main;
				INFOPLIST_KEY_UISupportedInterfaceOrientations_iPad = "UIInterfaceOrientationPortrait UIInterfaceOrientationPortraitUpsideDown UIInterfaceOrientationLandscapeLeft UIInterfaceOrientationLandscapeRight";
				INFOPLIST_KEY_UISupportedInterfaceOrientations_iPhone = "UIInterfaceOrientationPortrait UIInterfaceOrientationLandscapeLeft UIInterfaceOrientationLandscapeRight";
				IPHONEOS_DEPLOYMENT_TARGET = 17.0;
				LD_RUNPATH_SEARCH_PATHS = (
					"$(inherited)",
					"@executable_path/Frameworks",
				);
				MARKETING_VERSION = 1.0;
				PRODUCT_BUNDLE_IDENTIFIER = com.dmrts.InstagramFirestoreTutorial;
				PRODUCT_NAME = "$(TARGET_NAME)";
				SWIFT_EMIT_LOC_STRINGS = YES;
				SWIFT_VERSION = 5.0;
				TARGETED_DEVICE_FAMILY = "1,2";
			};
			name = Release;
		};
/* End XCBuildConfiguration section */

/* Begin XCConfigurationList section */
		815320762C5CC4D7005BA1EE /* Build configuration list for PBXProject "InstagramFirestoreTutorial" */ = {
			isa = XCConfigurationList;
			buildConfigurations = (
				8153208D2C5CC4D8005BA1EE /* Debug */,
				8153208E2C5CC4D8005BA1EE /* Release */,
			);
			defaultConfigurationIsVisible = 0;
			defaultConfigurationName = Release;
		};
		8153208F2C5CC4D8005BA1EE /* Build configuration list for PBXNativeTarget "InstagramFirestoreTutorial" */ = {
			isa = XCConfigurationList;
			buildConfigurations = (
				815320902C5CC4D8005BA1EE /* Debug */,
				815320912C5CC4D8005BA1EE /* Release */,
			);
			defaultConfigurationIsVisible = 0;
			defaultConfigurationName = Release;
		};
/* End XCConfigurationList section */

/* Begin XCRemoteSwiftPackageReference section */
		815320A82C5CFC30005BA1EE /* XCRemoteSwiftPackageReference "JGProgressHUD" */ = {
			isa = XCRemoteSwiftPackageReference;
			repositoryURL = "https://github.com/JonasGessner/JGProgressHUD.git";
			requirement = {
				kind = upToNextMajorVersion;
				minimumVersion = 2.2.0;
			};
		};
		81DB1FB52C60A287001E51C9 /* XCRemoteSwiftPackageReference "firebase-ios-sdk" */ = {
			isa = XCRemoteSwiftPackageReference;
			repositoryURL = "https://github.com/firebase/firebase-ios-sdk.git";
			requirement = {
				kind = upToNextMajorVersion;
				minimumVersion = 11.0.0;
			};
		};
		81DB1FC82C60A593001E51C9 /* XCRemoteSwiftPackageReference "ActiveLabel" */ = {
			isa = XCRemoteSwiftPackageReference;
			repositoryURL = "https://github.com/optonaut/ActiveLabel.swift";
			requirement = {
				kind = upToNextMajorVersion;
				minimumVersion = 1.1.5;
			};
		};
		81DB1FCB2C60A775001E51C9 /* XCRemoteSwiftPackageReference "SDWebImage" */ = {
			isa = XCRemoteSwiftPackageReference;
			repositoryURL = "https://github.com/SDWebImage/SDWebImage";
			requirement = {
				kind = upToNextMajorVersion;
				minimumVersion = 5.19.5;
			};
		};
		81DB1FD02C60A908001E51C9 /* XCRemoteSwiftPackageReference "YPImagePicker" */ = {
			isa = XCRemoteSwiftPackageReference;
			repositoryURL = "https://github.com/Yummypets/YPImagePicker";
			requirement = {
				kind = upToNextMajorVersion;
				minimumVersion = 5.2.2;
			};
		};
/* End XCRemoteSwiftPackageReference section */

/* Begin XCSwiftPackageProductDependency section */
		81DB1FB32C60A060001E51C9 /* JGProgressHUD */ = {
			isa = XCSwiftPackageProductDependency;
			productName = JGProgressHUD;
		};
		81DB1FB62C60A287001E51C9 /* FirebaseAuth */ = {
			isa = XCSwiftPackageProductDependency;
			package = 81DB1FB52C60A287001E51C9 /* XCRemoteSwiftPackageReference "firebase-ios-sdk" */;
			productName = FirebaseAuth;
		};
		81DB1FB82C60A287001E51C9 /* FirebaseAuthCombine-Community */ = {
			isa = XCSwiftPackageProductDependency;
			package = 81DB1FB52C60A287001E51C9 /* XCRemoteSwiftPackageReference "firebase-ios-sdk" */;
			productName = "FirebaseAuthCombine-Community";
		};
		81DB1FBA2C60A287001E51C9 /* FirebaseDatabase */ = {
			isa = XCSwiftPackageProductDependency;
			package = 81DB1FB52C60A287001E51C9 /* XCRemoteSwiftPackageReference "firebase-ios-sdk" */;
			productName = FirebaseDatabase;
		};
		81DB1FBC2C60A287001E51C9 /* FirebaseFirestore */ = {
			isa = XCSwiftPackageProductDependency;
			package = 81DB1FB52C60A287001E51C9 /* XCRemoteSwiftPackageReference "firebase-ios-sdk" */;
			productName = FirebaseFirestore;
		};
		81DB1FBE2C60A287001E51C9 /* FirebaseFirestoreCombine-Community */ = {
			isa = XCSwiftPackageProductDependency;
			package = 81DB1FB52C60A287001E51C9 /* XCRemoteSwiftPackageReference "firebase-ios-sdk" */;
			productName = "FirebaseFirestoreCombine-Community";
		};
		81DB1FC02C60A287001E51C9 /* FirebaseInAppMessaging-Beta */ = {
			isa = XCSwiftPackageProductDependency;
			package = 81DB1FB52C60A287001E51C9 /* XCRemoteSwiftPackageReference "firebase-ios-sdk" */;
			productName = "FirebaseInAppMessaging-Beta";
		};
		81DB1FC22C60A287001E51C9 /* FirebaseMessaging */ = {
			isa = XCSwiftPackageProductDependency;
			package = 81DB1FB52C60A287001E51C9 /* XCRemoteSwiftPackageReference "firebase-ios-sdk" */;
			productName = FirebaseMessaging;
		};
		81DB1FC42C60A287001E51C9 /* FirebaseStorage */ = {
			isa = XCSwiftPackageProductDependency;
			package = 81DB1FB52C60A287001E51C9 /* XCRemoteSwiftPackageReference "firebase-ios-sdk" */;
			productName = FirebaseStorage;
		};
		81DB1FC62C60A287001E51C9 /* FirebaseStorageCombine-Community */ = {
			isa = XCSwiftPackageProductDependency;
			package = 81DB1FB52C60A287001E51C9 /* XCRemoteSwiftPackageReference "firebase-ios-sdk" */;
			productName = "FirebaseStorageCombine-Community";
		};
		81DB1FC92C60A593001E51C9 /* ActiveLabel */ = {
			isa = XCSwiftPackageProductDependency;
			package = 81DB1FC82C60A593001E51C9 /* XCRemoteSwiftPackageReference "ActiveLabel" */;
			productName = ActiveLabel;
		};
		81DB1FCC2C60A775001E51C9 /* SDWebImage */ = {
			isa = XCSwiftPackageProductDependency;
			package = 81DB1FCB2C60A775001E51C9 /* XCRemoteSwiftPackageReference "SDWebImage" */;
			productName = SDWebImage;
		};
		81DB1FCE2C60A775001E51C9 /* SDWebImageMapKit */ = {
			isa = XCSwiftPackageProductDependency;
			package = 81DB1FCB2C60A775001E51C9 /* XCRemoteSwiftPackageReference "SDWebImage" */;
			productName = SDWebImageMapKit;
		};
		81DB1FD12C60A908001E51C9 /* YPImagePicker */ = {
			isa = XCSwiftPackageProductDependency;
			package = 81DB1FD02C60A908001E51C9 /* XCRemoteSwiftPackageReference "YPImagePicker" */;
			productName = YPImagePicker;
		};
/* End XCSwiftPackageProductDependency section */
	};
	rootObject = 815320732C5CC4D7005BA1EE /* Project object */;
}
